
Microsoft Visual Studio Solution File, Format Version 12.00
# Visual Studio Version 16
VisualStudioVersion = 16.0.29424.173
MinimumVisualStudioVersion = 10.0.40219.1
Project("{8BC9CEB8-8B4A-11D0-8D11-00A0C91BC942}") = "Nuvu", "Nuvu.vcxproj", "{DD4067AB-03DF-4D20-B86C-D0838B9B3D7E}"
EndProject
Global
	GlobalSection(SolutionConfigurationPlatforms) = preSolution
		Debug|x64 = Debug|x64
		Debug|x86 = Debug|x86
		Release|x64 = Release|x64
		Release|x86 = Release|x86
	EndGlobalSection
	GlobalSection(ProjectConfigurationPlatforms) = postSolution
		{DD4067AB-03DF-4D20-B86C-D0838B9B3D7E}.Debug|x64.ActiveCfg = Debug|x64
		{DD4067AB-03DF-4D20-B86C-D0838B9B3D7E}.Debug|x64.Build.0 = Debug|x64
		{DD4067AB-03DF-4D20-B86C-D0838B9B3D7E}.Debug|x86.ActiveCfg = Debug|Win32
		{DD4067AB-03DF-4D20-B86C-D0838B9B3D7E}.Debug|x86.Build.0 = Debug|Win32
		{DD4067AB-03DF-4D20-B86C-D0838B9B3D7E}.Release|x64.ActiveCfg = Release|x64
		{DD4067AB-03DF-4D20-B86C-D0838B9B3D7E}.Release|x64.Build.0 = Release|x64
		{DD4067AB-03DF-4D20-B86C-D0838B9B3D7E}.Release|x86.ActiveCfg = Release|Win32
		{DD4067AB-03DF-4D20-B86C-D0838B9B3D7E}.Release|x86.Build.0 = Release|Win32
	EndGlobalSection
	GlobalSection(SolutionProperties) = preSolution
		HideSolutionNode = FALSE
	EndGlobalSection
	GlobalSection(ExtensibilityGlobals) = postSolution
		SolutionGuid = {B5DBA91A-84EA-4A0B-BFA6-11232E892F05}
	EndGlobalSection
EndGlobal
